
Microsoft Visual Studio Solution File, Format Version 12.00
# Visual Studio 2012
Project("{FAE04EC0-301F-11D3-BF4B-00C04F79EFBC}") = "ConsoleCalc", "App\ConsoleCalc.csproj", "{CBD0F859-0CB9-4113-A1ED-40DA91216F76}"
EndProject
Project("{FAE04EC0-301F-11D3-BF4B-00C04F79EFBC}") = "InputParserTest", "InputParserTest\InputParserTest.csproj", "{AF1D31AA-572D-4600-9136-2289E457BF65}"
EndProject
Global
	GlobalSection(SolutionConfigurationPlatforms) = preSolution
		Debug|Any CPU = Debug|Any CPU
		Release|Any CPU = Release|Any CPU
	EndGlobalSection
	GlobalSection(ProjectConfigurationPlatforms) = postSolution
		{CBD0F859-0CB9-4113-A1ED-40DA91216F76}.Debug|Any CPU.ActiveCfg = Debug|Any CPU
		{CBD0F859-0CB9-4113-A1ED-40DA91216F76}.Debug|Any CPU.Build.0 = Debug|Any CPU
		{CBD0F859-0CB9-4113-A1ED-40DA91216F76}.Release|Any CPU.ActiveCfg = Release|Any CPU
		{CBD0F859-0CB9-4113-A1ED-40DA91216F76}.Release|Any CPU.Build.0 = Release|Any CPU
		{AF1D31AA-572D-4600-9136-2289E457BF65}.Debug|Any CPU.ActiveCfg = Debug|Any CPU
		{AF1D31AA-572D-4600-9136-2289E457BF65}.Debug|Any CPU.Build.0 = Debug|Any CPU
		{AF1D31AA-572D-4600-9136-2289E457BF65}.Release|Any CPU.ActiveCfg = Release|Any CPU
		{AF1D31AA-572D-4600-9136-2289E457BF65}.Release|Any CPU.Build.0 = Release|Any CPU
	EndGlobalSection
	GlobalSection(SolutionProperties) = preSolution
		HideSolutionNode = FALSE
	EndGlobalSection
EndGlobal
